
Microsoft Visual Studio Solution File, Format Version 12.00
# Visual Studio 15
VisualStudioVersion = 15.0.28010.2016
MinimumVisualStudioVersion = 10.0.40219.1
Project("{9A19103F-16F7-4668-BE54-9A1E7A4F7556}") = "KaffeNetCoreLibrary", "KaffeNetCoreLibrary.csproj", "{762BA4D1-0472-4951-B15C-E835EFA2F227}"
EndProject
Global
	GlobalSection(SolutionConfigurationPlatforms) = preSolution
		Debug|Any CPU = Debug|Any CPU
		Release|Any CPU = Release|Any CPU
	EndGlobalSection
	GlobalSection(ProjectConfigurationPlatforms) = postSolution
		{762BA4D1-0472-4951-B15C-E835EFA2F227}.Debug|Any CPU.ActiveCfg = Debug|Any CPU
		{762BA4D1-0472-4951-B15C-E835EFA2F227}.Debug|Any CPU.Build.0 = Debug|Any CPU
		{762BA4D1-0472-4951-B15C-E835EFA2F227}.Release|Any CPU.ActiveCfg = Release|Any CPU
		{762BA4D1-0472-4951-B15C-E835EFA2F227}.Release|Any CPU.Build.0 = Release|Any CPU
	EndGlobalSection
	GlobalSection(SolutionProperties) = preSolution
		HideSolutionNode = FALSE
	EndGlobalSection
	GlobalSection(ExtensibilityGlobals) = postSolution
		SolutionGuid = {B9977E36-F5C9-41B0-8885-AC8CA08BEAEC}
	EndGlobalSection
EndGlobal
